// !$*UTF8*$!
{
	archiveVersion = 1;
	classes = {
	};
	objectVersion = 48;
	objects = {

/* Begin PBXBuildFile section */
		428952321F90A0E6009F60D2 /* fountainpen@2x.png in Resources */ = {isa = PBXBuildFile; fileRef = 428952311F90A0E6009F60D2 /* fountainpen@2x.png */; };
		428952491F90A672009F60D2 /* Icon-App-40x40@1x.png in Resources */ = {isa = PBXBuildFile; fileRef = 428952331F90A670009F60D2 /* Icon-App-40x40@1x.png */; };
		4289524A1F90A672009F60D2 /* Icon-App-57x57@2x.png in Resources */ = {isa = PBXBuildFile; fileRef = 428952341F90A670009F60D2 /* Icon-App-57x57@2x.png */; };
		4289524B1F90A672009F60D2 /* Icon-App-72x72@1x.png in Resources */ = {isa = PBXBuildFile; fileRef = 428952351F90A670009F60D2 /* Icon-App-72x72@1x.png */; };
		4289524C1F90A672009F60D2 /* Icon-Small-50x50@1x.png in Resources */ = {isa = PBXBuildFile; fileRef = 428952361F90A670009F60D2 /* Icon-Small-50x50@1x.png */; };
		4289524D1F90A672009F60D2 /* Icon-App-83.5x83.5@2x.png in Resources */ = {isa = PBXBuildFile; fileRef = 428952371F90A670009F60D2 /* Icon-App-83.5x83.5@2x.png */; };
		4289524E1F90A672009F60D2 /* Icon-App-20x20@1x.png in Resources */ = {isa = PBXBuildFile; fileRef = 428952381F90A670009F60D2 /* Icon-App-20x20@1x.png */; };
		4289524F1F90A672009F60D2 /* Icon-App-20x20@2x.png in Resources */ = {isa = PBXBuildFile; fileRef = 428952391F90A670009F60D2 /* Icon-App-20x20@2x.png */; };
		428952501F90A672009F60D2 /* Icon-App-40x40@3x.png in Resources */ = {isa = PBXBuildFile; fileRef = 4289523A1F90A671009F60D2 /* Icon-App-40x40@3x.png */; };
		428952511F90A672009F60D2 /* Icon-App-29x29@1x.png in Resources */ = {isa = PBXBuildFile; fileRef = 4289523B1F90A671009F60D2 /* Icon-App-29x29@1x.png */; };
		428952521F90A672009F60D2 /* Icon-App-60x60@3x.png in Resources */ = {isa = PBXBuildFile; fileRef = 4289523C1F90A671009F60D2 /* Icon-App-60x60@3x.png */; };
		428952531F90A672009F60D2 /* Icon-App-76x76@3x.png in Resources */ = {isa = PBXBuildFile; fileRef = 4289523D1F90A671009F60D2 /* Icon-App-76x76@3x.png */; };
		428952541F90A672009F60D2 /* Icon-App-72x72@2x.png in Resources */ = {isa = PBXBuildFile; fileRef = 4289523E1F90A671009F60D2 /* Icon-App-72x72@2x.png */; };
		428952551F90A672009F60D2 /* Icon-App-40x40@2x.png in Resources */ = {isa = PBXBuildFile; fileRef = 4289523F1F90A671009F60D2 /* Icon-App-40x40@2x.png */; };
		428952561F90A672009F60D2 /* Icon-App-76x76@1x.png in Resources */ = {isa = PBXBuildFile; fileRef = 428952401F90A671009F60D2 /* Icon-App-76x76@1x.png */; };
		428952571F90A672009F60D2 /* Icon-Small-50x50@2x.png in Resources */ = {isa = PBXBuildFile; fileRef = 428952411F90A671009F60D2 /* Icon-Small-50x50@2x.png */; };
		428952581F90A672009F60D2 /* Icon-App-60x60@2x.png in Resources */ = {isa = PBXBuildFile; fileRef = 428952421F90A671009F60D2 /* Icon-App-60x60@2x.png */; };
		428952591F90A672009F60D2 /* Icon-App-20x20@3x.png in Resources */ = {isa = PBXBuildFile; fileRef = 428952431F90A671009F60D2 /* Icon-App-20x20@3x.png */; };
		4289525A1F90A672009F60D2 /* Icon-App-57x57@1x.png in Resources */ = {isa = PBXBuildFile; fileRef = 428952441F90A671009F60D2 /* Icon-App-57x57@1x.png */; };
		4289525B1F90A672009F60D2 /* Icon-App-76x76@2x.png in Resources */ = {isa = PBXBuildFile; fileRef = 428952451F90A671009F60D2 /* Icon-App-76x76@2x.png */; };
		4289525C1F90A672009F60D2 /* Icon-App-29x29@3x.png in Resources */ = {isa = PBXBuildFile; fileRef = 428952461F90A672009F60D2 /* Icon-App-29x29@3x.png */; };
		4289525D1F90A672009F60D2 /* Icon-App-60x60@1x.png in Resources */ = {isa = PBXBuildFile; fileRef = 428952471F90A672009F60D2 /* Icon-App-60x60@1x.png */; };
		4289525E1F90A672009F60D2 /* Icon-App-29x29@2x.png in Resources */ = {isa = PBXBuildFile; fileRef = 428952481F90A672009F60D2 /* Icon-App-29x29@2x.png */; };
		428952601F90A73E009F60D2 /* ItunesArtwork@2x.png in Resources */ = {isa = PBXBuildFile; fileRef = 4289525F1F90A73E009F60D2 /* ItunesArtwork@2x.png */; };
		8504BDBE1F8BC85E00D805C7 /* AppDelegate.swift in Sources */ = {isa = PBXBuildFile; fileRef = 8504BDBD1F8BC85E00D805C7 /* AppDelegate.swift */; };
		8504BDC31F8BC85E00D805C7 /* Main.storyboard in Resources */ = {isa = PBXBuildFile; fileRef = 8504BDC11F8BC85E00D805C7 /* Main.storyboard */; };
		8504BDC61F8BC85E00D805C7 /* MyMemory.xcdatamodeld in Sources */ = {isa = PBXBuildFile; fileRef = 8504BDC41F8BC85E00D805C7 /* MyMemory.xcdatamodeld */; };
		8504BDC81F8BC85E00D805C7 /* Assets.xcassets in Resources */ = {isa = PBXBuildFile; fileRef = 8504BDC71F8BC85E00D805C7 /* Assets.xcassets */; };
		8504BDCB1F8BC85E00D805C7 /* LaunchScreen.storyboard in Resources */ = {isa = PBXBuildFile; fileRef = 8504BDC91F8BC85E00D805C7 /* LaunchScreen.storyboard */; };
		8504BDD31F8D4BF600D805C7 /* MemoListVC.swift in Sources */ = {isa = PBXBuildFile; fileRef = 8504BDD21F8D4BF600D805C7 /* MemoListVC.swift */; };
		8504BDD51F8D4C4A00D805C7 /* MemoFormVC.swift in Sources */ = {isa = PBXBuildFile; fileRef = 8504BDD41F8D4C4A00D805C7 /* MemoFormVC.swift */; };
		8504BDD71F8D4C5B00D805C7 /* MemoReadVC.swift in Sources */ = {isa = PBXBuildFile; fileRef = 8504BDD61F8D4C5B00D805C7 /* MemoReadVC.swift */; };
		8504BDD91F8D4CE400D805C7 /* MemoCell.swift in Sources */ = {isa = PBXBuildFile; fileRef = 8504BDD81F8D4CE400D805C7 /* MemoCell.swift */; };
		8504BDDB1F8E7BB700D805C7 /* MemoData.swift in Sources */ = {isa = PBXBuildFile; fileRef = 8504BDDA1F8E7BB700D805C7 /* MemoData.swift */; };
/* End PBXBuildFile section */

/* Begin PBXFileReference section */
		428952311F90A0E6009F60D2 /* fountainpen@2x.png */ = {isa = PBXFileReference; lastKnownFileType = image.png; path = "fountainpen@2x.png"; sourceTree = "<group>"; };
		428952331F90A670009F60D2 /* Icon-App-40x40@1x.png */ = {isa = PBXFileReference; lastKnownFileType = image.png; path = "Icon-App-40x40@1x.png"; sourceTree = "<group>"; };
		428952341F90A670009F60D2 /* Icon-App-57x57@2x.png */ = {isa = PBXFileReference; lastKnownFileType = image.png; path = "Icon-App-57x57@2x.png"; sourceTree = "<group>"; };
		428952351F90A670009F60D2 /* Icon-App-72x72@1x.png */ = {isa = PBXFileReference; lastKnownFileType = image.png; path = "Icon-App-72x72@1x.png"; sourceTree = "<group>"; };
		428952361F90A670009F60D2 /* Icon-Small-50x50@1x.png */ = {isa = PBXFileReference; lastKnownFileType = image.png; path = "Icon-Small-50x50@1x.png"; sourceTree = "<group>"; };
		428952371F90A670009F60D2 /* Icon-App-83.5x83.5@2x.png */ = {isa = PBXFileReference; lastKnownFileType = image.png; path = "Icon-App-83.5x83.5@2x.png"; sourceTree = "<group>"; };
		428952381F90A670009F60D2 /* Icon-App-20x20@1x.png */ = {isa = PBXFileReference; lastKnownFileType = image.png; path = "Icon-App-20x20@1x.png"; sourceTree = "<group>"; };
		428952391F90A670009F60D2 /* Icon-App-20x20@2x.png */ = {isa = PBXFileReference; lastKnownFileType = image.png; path = "Icon-App-20x20@2x.png"; sourceTree = "<group>"; };
		4289523A1F90A671009F60D2 /* Icon-App-40x40@3x.png */ = {isa = PBXFileReference; lastKnownFileType = image.png; path = "Icon-App-40x40@3x.png"; sourceTree = "<group>"; };
		4289523B1F90A671009F60D2 /* Icon-App-29x29@1x.png */ = {isa = PBXFileReference; lastKnownFileType = image.png; path = "Icon-App-29x29@1x.png"; sourceTree = "<group>"; };
		4289523C1F90A671009F60D2 /* Icon-App-60x60@3x.png */ = {isa = PBXFileReference; lastKnownFileType = image.png; path = "Icon-App-60x60@3x.png"; sourceTree = "<group>"; };
		4289523D1F90A671009F60D2 /* Icon-App-76x76@3x.png */ = {isa = PBXFileReference; lastKnownFileType = image.png; path = "Icon-App-76x76@3x.png"; sourceTree = "<group>"; };
		4289523E1F90A671009F60D2 /* Icon-App-72x72@2x.png */ = {isa = PBXFileReference; lastKnownFileType = image.png; path = "Icon-App-72x72@2x.png"; sourceTree = "<group>"; };
		4289523F1F90A671009F60D2 /* Icon-App-40x40@2x.png */ = {isa = PBXFileReference; lastKnownFileType = image.png; path = "Icon-App-40x40@2x.png"; sourceTree = "<group>"; };
		428952401F90A671009F60D2 /* Icon-App-76x76@1x.png */ = {isa = PBXFileReference; lastKnownFileType = image.png; path = "Icon-App-76x76@1x.png"; sourceTree = "<group>"; };
		428952411F90A671009F60D2 /* Icon-Small-50x50@2x.png */ = {isa = PBXFileReference; lastKnownFileType = image.png; path = "Icon-Small-50x50@2x.png"; sourceTree = "<group>"; };
		428952421F90A671009F60D2 /* Icon-App-60x60@2x.png */ = {isa = PBXFileReference; lastKnownFileType = image.png; path = "Icon-App-60x60@2x.png"; sourceTree = "<group>"; };
		428952431F90A671009F60D2 /* Icon-App-20x20@3x.png */ = {isa = PBXFileReference; lastKnownFileType = image.png; path = "Icon-App-20x20@3x.png"; sourceTree = "<group>"; };
		428952441F90A671009F60D2 /* Icon-App-57x57@1x.png */ = {isa = PBXFileReference; lastKnownFileType = image.png; path = "Icon-App-57x57@1x.png"; sourceTree = "<group>"; };
		428952451F90A671009F60D2 /* Icon-App-76x76@2x.png */ = {isa = PBXFileReference; lastKnownFileType = image.png; path = "Icon-App-76x76@2x.png"; sourceTree = "<group>"; };
		428952461F90A672009F60D2 /* Icon-App-29x29@3x.png */ = {isa = PBXFileReference; lastKnownFileType = image.png; path = "Icon-App-29x29@3x.png"; sourceTree = "<group>"; };
		428952471F90A672009F60D2 /* Icon-App-60x60@1x.png */ = {isa = PBXFileReference; lastKnownFileType = image.png; path = "Icon-App-60x60@1x.png"; sourceTree = "<group>"; };
		428952481F90A672009F60D2 /* Icon-App-29x29@2x.png */ = {isa = PBXFileReference; lastKnownFileType = image.png; path = "Icon-App-29x29@2x.png"; sourceTree = "<group>"; };
		4289525F1F90A73E009F60D2 /* ItunesArtwork@2x.png */ = {isa = PBXFileReference; lastKnownFileType = image.png; path = "ItunesArtwork@2x.png"; sourceTree = "<group>"; };
		8504BDBA1F8BC85E00D805C7 /* MyMemory.app */ = {isa = PBXFileReference; explicitFileType = wrapper.application; includeInIndex = 0; path = MyMemory.app; sourceTree = BUILT_PRODUCTS_DIR; };
		8504BDBD1F8BC85E00D805C7 /* AppDelegate.swift */ = {isa = PBXFileReference; lastKnownFileType = sourcecode.swift; path = AppDelegate.swift; sourceTree = "<group>"; };
		8504BDC21F8BC85E00D805C7 /* Base */ = {isa = PBXFileReference; lastKnownFileType = file.storyboard; name = Base; path = Base.lproj/Main.storyboard; sourceTree = "<group>"; };
		8504BDC51F8BC85E00D805C7 /* MyMemory.xcdatamodel */ = {isa = PBXFileReference; lastKnownFileType = wrapper.xcdatamodel; path = MyMemory.xcdatamodel; sourceTree = "<group>"; };
		8504BDC71F8BC85E00D805C7 /* Assets.xcassets */ = {isa = PBXFileReference; lastKnownFileType = folder.assetcatalog; path = Assets.xcassets; sourceTree = "<group>"; };
		8504BDCA1F8BC85E00D805C7 /* Base */ = {isa = PBXFileReference; lastKnownFileType = file.storyboard; name = Base; path = Base.lproj/LaunchScreen.storyboard; sourceTree = "<group>"; };
		8504BDCC1F8BC85E00D805C7 /* Info.plist */ = {isa = PBXFileReference; lastKnownFileType = text.plist.xml; path = Info.plist; sourceTree = "<group>"; };
		8504BDD21F8D4BF600D805C7 /* MemoListVC.swift */ = {isa = PBXFileReference; lastKnownFileType = sourcecode.swift; path = MemoListVC.swift; sourceTree = "<group>"; };
		8504BDD41F8D4C4A00D805C7 /* MemoFormVC.swift */ = {isa = PBXFileReference; lastKnownFileType = sourcecode.swift; path = MemoFormVC.swift; sourceTree = "<group>"; };
		8504BDD61F8D4C5B00D805C7 /* MemoReadVC.swift */ = {isa = PBXFileReference; lastKnownFileType = sourcecode.swift; path = MemoReadVC.swift; sourceTree = "<group>"; };
		8504BDD81F8D4CE400D805C7 /* MemoCell.swift */ = {isa = PBXFileReference; lastKnownFileType = sourcecode.swift; path = MemoCell.swift; sourceTree = "<group>"; };
		8504BDDA1F8E7BB700D805C7 /* MemoData.swift */ = {isa = PBXFileReference; lastKnownFileType = sourcecode.swift; path = MemoData.swift; sourceTree = "<group>"; };
/* End PBXFileReference section */

/* Begin PBXFrameworksBuildPhase section */
		8504BDB71F8BC85E00D805C7 /* Frameworks */ = {
			isa = PBXFrameworksBuildPhase;
			buildActionMask = 2147483647;
			files = (
			);
			runOnlyForDeploymentPostprocessing = 0;
		};
/* End PBXFrameworksBuildPhase section */

/* Begin PBXGroup section */
		4289522E1F90A046009F60D2 /* Resources */ = {
			isa = PBXGroup;
			children = (
				4289525F1F90A73E009F60D2 /* ItunesArtwork@2x.png */,
				428952381F90A670009F60D2 /* Icon-App-20x20@1x.png */,
				428952391F90A670009F60D2 /* Icon-App-20x20@2x.png */,
				428952431F90A671009F60D2 /* Icon-App-20x20@3x.png */,
				4289523B1F90A671009F60D2 /* Icon-App-29x29@1x.png */,
				428952481F90A672009F60D2 /* Icon-App-29x29@2x.png */,
				428952461F90A672009F60D2 /* Icon-App-29x29@3x.png */,
				428952331F90A670009F60D2 /* Icon-App-40x40@1x.png */,
				4289523F1F90A671009F60D2 /* Icon-App-40x40@2x.png */,
				4289523A1F90A671009F60D2 /* Icon-App-40x40@3x.png */,
				428952441F90A671009F60D2 /* Icon-App-57x57@1x.png */,
				428952341F90A670009F60D2 /* Icon-App-57x57@2x.png */,
				428952471F90A672009F60D2 /* Icon-App-60x60@1x.png */,
				428952421F90A671009F60D2 /* Icon-App-60x60@2x.png */,
				4289523C1F90A671009F60D2 /* Icon-App-60x60@3x.png */,
				428952351F90A670009F60D2 /* Icon-App-72x72@1x.png */,
				4289523E1F90A671009F60D2 /* Icon-App-72x72@2x.png */,
				428952401F90A671009F60D2 /* Icon-App-76x76@1x.png */,
				428952451F90A671009F60D2 /* Icon-App-76x76@2x.png */,
				4289523D1F90A671009F60D2 /* Icon-App-76x76@3x.png */,
				428952371F90A670009F60D2 /* Icon-App-83.5x83.5@2x.png */,
				428952361F90A670009F60D2 /* Icon-Small-50x50@1x.png */,
				428952411F90A671009F60D2 /* Icon-Small-50x50@2x.png */,
				428952311F90A0E6009F60D2 /* fountainpen@2x.png */,
			);
			path = Resources;
			sourceTree = "<group>";
		};
		8504BDB11F8BC85E00D805C7 = {
			isa = PBXGroup;
			children = (
				4289522E1F90A046009F60D2 /* Resources */,
				8504BDBC1F8BC85E00D805C7 /* MyMemory */,
				8504BDBB1F8BC85E00D805C7 /* Products */,
			);
			sourceTree = "<group>";
		};
		8504BDBB1F8BC85E00D805C7 /* Products */ = {
			isa = PBXGroup;
			children = (
				8504BDBA1F8BC85E00D805C7 /* MyMemory.app */,
			);
			name = Products;
			sourceTree = "<group>";
		};
		8504BDBC1F8BC85E00D805C7 /* MyMemory */ = {
			isa = PBXGroup;
			children = (
				8504BDBD1F8BC85E00D805C7 /* AppDelegate.swift */,
				8504BDC11F8BC85E00D805C7 /* Main.storyboard */,
				8504BDC71F8BC85E00D805C7 /* Assets.xcassets */,
				8504BDC91F8BC85E00D805C7 /* LaunchScreen.storyboard */,
				8504BDCC1F8BC85E00D805C7 /* Info.plist */,
				8504BDC41F8BC85E00D805C7 /* MyMemory.xcdatamodeld */,
				8504BDD21F8D4BF600D805C7 /* MemoListVC.swift */,
				8504BDD41F8D4C4A00D805C7 /* MemoFormVC.swift */,
				8504BDD61F8D4C5B00D805C7 /* MemoReadVC.swift */,
				8504BDD81F8D4CE400D805C7 /* MemoCell.swift */,
				8504BDDA1F8E7BB700D805C7 /* MemoData.swift */,
			);
			path = MyMemory;
			sourceTree = "<group>";
		};
/* End PBXGroup section */

/* Begin PBXNativeTarget section */
		8504BDB91F8BC85E00D805C7 /* MyMemory */ = {
			isa = PBXNativeTarget;
			buildConfigurationList = 8504BDCF1F8BC85E00D805C7 /* Build configuration list for PBXNativeTarget "MyMemory" */;
			buildPhases = (
				8504BDB61F8BC85E00D805C7 /* Sources */,
				8504BDB71F8BC85E00D805C7 /* Frameworks */,
				8504BDB81F8BC85E00D805C7 /* Resources */,
			);
			buildRules = (
			);
			dependencies = (
			);
			name = MyMemory;
			productName = MyMemory;
			productReference = 8504BDBA1F8BC85E00D805C7 /* MyMemory.app */;
			productType = "com.apple.product-type.application";
		};
/* End PBXNativeTarget section */

/* Begin PBXProject section */
		8504BDB21F8BC85E00D805C7 /* Project object */ = {
			isa = PBXProject;
			attributes = {
				LastSwiftUpdateCheck = 0900;
				LastUpgradeCheck = 0900;
				ORGANIZATIONNAME = monk773;
				TargetAttributes = {
					8504BDB91F8BC85E00D805C7 = {
						CreatedOnToolsVersion = 9.0;
						ProvisioningStyle = Automatic;
					};
				};
			};
			buildConfigurationList = 8504BDB51F8BC85E00D805C7 /* Build configuration list for PBXProject "MyMemory" */;
			compatibilityVersion = "Xcode 8.0";
			developmentRegion = en;
			hasScannedForEncodings = 0;
			knownRegions = (
				en,
				Base,
			);
			mainGroup = 8504BDB11F8BC85E00D805C7;
			productRefGroup = 8504BDBB1F8BC85E00D805C7 /* Products */;
			projectDirPath = "";
			projectRoot = "";
			targets = (
				8504BDB91F8BC85E00D805C7 /* MyMemory */,
			);
		};
/* End PBXProject section */

/* Begin PBXResourcesBuildPhase section */
		8504BDB81F8BC85E00D805C7 /* Resources */ = {
			isa = PBXResourcesBuildPhase;
			buildActionMask = 2147483647;
			files = (
				4289525B1F90A672009F60D2 /* Icon-App-76x76@2x.png in Resources */,
				4289525D1F90A672009F60D2 /* Icon-App-60x60@1x.png in Resources */,
				428952541F90A672009F60D2 /* Icon-App-72x72@2x.png in Resources */,
				428952491F90A672009F60D2 /* Icon-App-40x40@1x.png in Resources */,
				428952591F90A672009F60D2 /* Icon-App-20x20@3x.png in Resources */,
				4289524D1F90A672009F60D2 /* Icon-App-83.5x83.5@2x.png in Resources */,
				4289525C1F90A672009F60D2 /* Icon-App-29x29@3x.png in Resources */,
				428952531F90A672009F60D2 /* Icon-App-76x76@3x.png in Resources */,
				4289525E1F90A672009F60D2 /* Icon-App-29x29@2x.png in Resources */,
				428952571F90A672009F60D2 /* Icon-Small-50x50@2x.png in Resources */,
				4289524C1F90A672009F60D2 /* Icon-Small-50x50@1x.png in Resources */,
				428952581F90A672009F60D2 /* Icon-App-60x60@2x.png in Resources */,
				428952501F90A672009F60D2 /* Icon-App-40x40@3x.png in Resources */,
				428952511F90A672009F60D2 /* Icon-App-29x29@1x.png in Resources */,
				4289524E1F90A672009F60D2 /* Icon-App-20x20@1x.png in Resources */,
				8504BDCB1F8BC85E00D805C7 /* LaunchScreen.storyboard in Resources */,
				428952551F90A672009F60D2 /* Icon-App-40x40@2x.png in Resources */,
				4289525A1F90A672009F60D2 /* Icon-App-57x57@1x.png in Resources */,
				4289524A1F90A672009F60D2 /* Icon-App-57x57@2x.png in Resources */,
				428952561F90A672009F60D2 /* Icon-App-76x76@1x.png in Resources */,
				8504BDC81F8BC85E00D805C7 /* Assets.xcassets in Resources */,
				428952321F90A0E6009F60D2 /* fountainpen@2x.png in Resources */,
				4289524F1F90A672009F60D2 /* Icon-App-20x20@2x.png in Resources */,
				428952521F90A672009F60D2 /* Icon-App-60x60@3x.png in Resources */,
				4289524B1F90A672009F60D2 /* Icon-App-72x72@1x.png in Resources */,
				8504BDC31F8BC85E00D805C7 /* Main.storyboard in Resources */,
				428952601F90A73E009F60D2 /* ItunesArtwork@2x.png in Resources */,
			);
			runOnlyForDeploymentPostprocessing = 0;
		};
/* End PBXResourcesBuildPhase section */

/* Begin PBXSourcesBuildPhase section */
		8504BDB61F8BC85E00D805C7 /* Sources */ = {
			isa = PBXSourcesBuildPhase;
			buildActionMask = 2147483647;
			files = (
				8504BDD31F8D4BF600D805C7 /* MemoListVC.swift in Sources */,
				8504BDD71F8D4C5B00D805C7 /* MemoReadVC.swift in Sources */,
				8504BDC61F8BC85E00D805C7 /* MyMemory.xcdatamodeld in Sources */,
				8504BDDB1F8E7BB700D805C7 /* MemoData.swift in Sources */,
				8504BDD51F8D4C4A00D805C7 /* MemoFormVC.swift in Sources */,
				8504BDBE1F8BC85E00D805C7 /* AppDelegate.swift in Sources */,
				8504BDD91F8D4CE400D805C7 /* MemoCell.swift in Sources */,
			);
			runOnlyForDeploymentPostprocessing = 0;
		};
/* End PBXSourcesBuildPhase section */

/* Begin PBXVariantGroup section */
		8504BDC11F8BC85E00D805C7 /* Main.storyboard */ = {
			isa = PBXVariantGroup;
			children = (
				8504BDC21F8BC85E00D805C7 /* Base */,
			);
			name = Main.storyboard;
			sourceTree = "<group>";
		};
		8504BDC91F8BC85E00D805C7 /* LaunchScreen.storyboard */ = {
			isa = PBXVariantGroup;
			children = (
				8504BDCA1F8BC85E00D805C7 /* Base */,
			);
			name = LaunchScreen.storyboard;
			sourceTree = "<group>";
		};
/* End PBXVariantGroup section */

/* Begin XCBuildConfiguration section */
		8504BDCD1F8BC85E00D805C7 /* Debug */ = {
			isa = XCBuildConfiguration;
			buildSettings = {
				ALWAYS_SEARCH_USER_PATHS = NO;
				CLANG_ANALYZER_NONNULL = YES;
				CLANG_ANALYZER_NUMBER_OBJECT_CONVERSION = YES_AGGRESSIVE;
				CLANG_CXX_LANGUAGE_STANDARD = "gnu++14";
				CLANG_CXX_LIBRARY = "libc++";
				CLANG_ENABLE_MODULES = YES;
				CLANG_ENABLE_OBJC_ARC = YES;
				CLANG_WARN_BLOCK_CAPTURE_AUTORELEASING = YES;
				CLANG_WARN_BOOL_CONVERSION = YES;
				CLANG_WARN_COMMA = YES;
				CLANG_WARN_CONSTANT_CONVERSION = YES;
				CLANG_WARN_DIRECT_OBJC_ISA_USAGE = YES_ERROR;
				CLANG_WARN_DOCUMENTATION_COMMENTS = YES;
				CLANG_WARN_EMPTY_BODY = YES;
				CLANG_WARN_ENUM_CONVERSION = YES;
				CLANG_WARN_INFINITE_RECURSION = YES;
				CLANG_WARN_INT_CONVERSION = YES;
				CLANG_WARN_NON_LITERAL_NULL_CONVERSION = YES;
				CLANG_WARN_OBJC_LITERAL_CONVERSION = YES;
				CLANG_WARN_OBJC_ROOT_CLASS = YES_ERROR;
				CLANG_WARN_RANGE_LOOP_ANALYSIS = YES;
				CLANG_WARN_STRICT_PROTOTYPES = YES;
				CLANG_WARN_SUSPICIOUS_MOVE = YES;
				CLANG_WARN_UNGUARDED_AVAILABILITY = YES_AGGRESSIVE;
				CLANG_WARN_UNREACHABLE_CODE = YES;
				CLANG_WARN__DUPLICATE_METHOD_MATCH = YES;
				CODE_SIGN_IDENTITY = "iPhone Developer";
				COPY_PHASE_STRIP = NO;
				DEBUG_INFORMATION_FORMAT = dwarf;
				ENABLE_STRICT_OBJC_MSGSEND = YES;
				ENABLE_TESTABILITY = YES;
				GCC_C_LANGUAGE_STANDARD = gnu11;
				GCC_DYNAMIC_NO_PIC = NO;
				GCC_NO_COMMON_BLOCKS = YES;
				GCC_OPTIMIZATION_LEVEL = 0;
				GCC_PREPROCESSOR_DEFINITIONS = (
					"DEBUG=1",
					"$(inherited)",
				);
				GCC_WARN_64_TO_32_BIT_CONVERSION = YES;
				GCC_WARN_ABOUT_RETURN_TYPE = YES_ERROR;
				GCC_WARN_UNDECLARED_SELECTOR = YES;
				GCC_WARN_UNINITIALIZED_AUTOS = YES_AGGRESSIVE;
				GCC_WARN_UNUSED_FUNCTION = YES;
				GCC_WARN_UNUSED_VARIABLE = YES;
				IPHONEOS_DEPLOYMENT_TARGET = 11.0;
				MTL_ENABLE_DEBUG_INFO = YES;
				ONLY_ACTIVE_ARCH = YES;
				SDKROOT = iphoneos;
				SWIFT_ACTIVE_COMPILATION_CONDITIONS = DEBUG;
				SWIFT_OPTIMIZATION_LEVEL = "-Onone";
			};
			name = Debug;
		};
		8504BDCE1F8BC85E00D805C7 /* Release */ = {
			isa = XCBuildConfiguration;
			buildSettings = {
				ALWAYS_SEARCH_USER_PATHS = NO;
				CLANG_ANALYZER_NONNULL = YES;
				CLANG_ANALYZER_NUMBER_OBJECT_CONVERSION = YES_AGGRESSIVE;
				CLANG_CXX_LANGUAGE_STANDARD = "gnu++14";
				CLANG_CXX_LIBRARY = "libc++";
				CLANG_ENABLE_MODULES = YES;
				CLANG_ENABLE_OBJC_ARC = YES;
				CLANG_WARN_BLOCK_CAPTURE_AUTORELEASING = YES;
				CLANG_WARN_BOOL_CONVERSION = YES;
				CLANG_WARN_COMMA = YES;
				CLANG_WARN_CONSTANT_CONVERSION = YES;
				CLANG_WARN_DIRECT_OBJC_ISA_USAGE = YES_ERROR;
				CLANG_WARN_DOCUMENTATION_COMMENTS = YES;
				CLANG_WARN_EMPTY_BODY = YES;
				CLANG_WARN_ENUM_CONVERSION = YES;
				CLANG_WARN_INFINITE_RECURSION = YES;
				CLANG_WARN_INT_CONVERSION = YES;
				CLANG_WARN_NON_LITERAL_NULL_CONVERSION = YES;
				CLANG_WARN_OBJC_LITERAL_CONVERSION = YES;
				CLANG_WARN_OBJC_ROOT_CLASS = YES_ERROR;
				CLANG_WARN_RANGE_LOOP_ANALYSIS = YES;
				CLANG_WARN_STRICT_PROTOTYPES = YES;
				CLANG_WARN_SUSPICIOUS_MOVE = YES;
				CLANG_WARN_UNGUARDED_AVAILABILITY = YES_AGGRESSIVE;
				CLANG_WARN_UNREACHABLE_CODE = YES;
				CLANG_WARN__DUPLICATE_METHOD_MATCH = YES;
				CODE_SIGN_IDENTITY = "iPhone Developer";
				COPY_PHASE_STRIP = NO;
				DEBUG_INFORMATION_FORMAT = "dwarf-with-dsym";
				ENABLE_NS_ASSERTIONS = NO;
				ENABLE_STRICT_OBJC_MSGSEND = YES;
				GCC_C_LANGUAGE_STANDARD = gnu11;
				GCC_NO_COMMON_BLOCKS = YES;
				GCC_WARN_64_TO_32_BIT_CONVERSION = YES;
				GCC_WARN_ABOUT_RETURN_TYPE = YES_ERROR;
				GCC_WARN_UNDECLARED_SELECTOR = YES;
				GCC_WARN_UNINITIALIZED_AUTOS = YES_AGGRESSIVE;
				GCC_WARN_UNUSED_FUNCTION = YES;
				GCC_WARN_UNUSED_VARIABLE = YES;
				IPHONEOS_DEPLOYMENT_TARGET = 11.0;
				MTL_ENABLE_DEBUG_INFO = NO;
				SDKROOT = iphoneos;
				SWIFT_OPTIMIZATION_LEVEL = "-Owholemodule";
				VALIDATE_PRODUCT = YES;
			};
			name = Release;
		};
		8504BDD01F8BC85E00D805C7 /* Debug */ = {
			isa = XCBuildConfiguration;
			buildSettings = {
				ASSETCATALOG_COMPILER_APPICON_NAME = AppIcon;
				CODE_SIGN_STYLE = Automatic;
				INFOPLIST_FILE = MyMemory/Info.plist;
				IPHONEOS_DEPLOYMENT_TARGET = 10.0;
				LD_RUNPATH_SEARCH_PATHS = "$(inherited) @executable_path/Frameworks";
				PRODUCT_BUNDLE_IDENTIFIER = com.monk773.MyMemory;
				PRODUCT_NAME = "$(TARGET_NAME)";
				SWIFT_VERSION = 4.0;
				TARGETED_DEVICE_FAMILY = "1,2";
			};
			name = Debug;
		};
		8504BDD11F8BC85E00D805C7 /* Release */ = {
			isa = XCBuildConfiguration;
			buildSettings = {
				ASSETCATALOG_COMPILER_APPICON_NAME = AppIcon;
				CODE_SIGN_STYLE = Automatic;
				INFOPLIST_FILE = MyMemory/Info.plist;
				IPHONEOS_DEPLOYMENT_TARGET = 10.0;
				LD_RUNPATH_SEARCH_PATHS = "$(inherited) @executable_path/Frameworks";
				PRODUCT_BUNDLE_IDENTIFIER = com.monk773.MyMemory;
				PRODUCT_NAME = "$(TARGET_NAME)";
				SWIFT_VERSION = 4.0;
				TARGETED_DEVICE_FAMILY = "1,2";
			};
			name = Release;
		};
/* End XCBuildConfiguration section */

/* Begin XCConfigurationList section */
		8504BDB51F8BC85E00D805C7 /* Build configuration list for PBXProject "MyMemory" */ = {
			isa = XCConfigurationList;
			buildConfigurations = (
				8504BDCD1F8BC85E00D805C7 /* Debug */,
				8504BDCE1F8BC85E00D805C7 /* Release */,
			);
			defaultConfigurationIsVisible = 0;
			defaultConfigurationName = Release;
		};
		8504BDCF1F8BC85E00D805C7 /* Build configuration list for PBXNativeTarget "MyMemory" */ = {
			isa = XCConfigurationList;
			buildConfigurations = (
				8504BDD01F8BC85E00D805C7 /* Debug */,
				8504BDD11F8BC85E00D805C7 /* Release */,
			);
			defaultConfigurationIsVisible = 0;
			defaultConfigurationName = Release;
		};
/* End XCConfigurationList section */

/* Begin XCVersionGroup section */
		8504BDC41F8BC85E00D805C7 /* MyMemory.xcdatamodeld */ = {
			isa = XCVersionGroup;
			children = (
				8504BDC51F8BC85E00D805C7 /* MyMemory.xcdatamodel */,
			);
			currentVersion = 8504BDC51F8BC85E00D805C7 /* MyMemory.xcdatamodel */;
			path = MyMemory.xcdatamodeld;
			sourceTree = "<group>";
			versionGroupType = wrapper.xcdatamodel;
		};
/* End XCVersionGroup section */
	};
	rootObject = 8504BDB21F8BC85E00D805C7 /* Project object */;
}
